// !$*UTF8*$!
{
	archiveVersion = 1;
	classes = {
	};
	objectVersion = 46;
	objects = {

/* Begin PBXBuildFile section */
		3C8BE75C1B9023F70064BEC8 /* main.m in Sources */ = {isa = PBXBuildFile; fileRef = 3C8BE75B1B9023F70064BEC8 /* main.m */; };
		3C8BE7621B9023F70064BEC8 /* ViewController.m in Sources */ = {isa = PBXBuildFile; fileRef = 3C8BE7611B9023F70064BEC8 /* ViewController.m */; };
		3C8BE7651B9023F70064BEC8 /* Main.storyboard in Resources */ = {isa = PBXBuildFile; fileRef = 3C8BE7631B9023F70064BEC8 /* Main.storyboard */; };
		3C8BE7671B9023F70064BEC8 /* Images.xcassets in Resources */ = {isa = PBXBuildFile; fileRef = 3C8BE7661B9023F70064BEC8 /* Images.xcassets */; };
		3C8BE76A1B9023F70064BEC8 /* LaunchScreen.xib in Resources */ = {isa = PBXBuildFile; fileRef = 3C8BE7681B9023F70064BEC8 /* LaunchScreen.xib */; };
		3C8BE7761B9023F70064BEC8 /* AcronymTests.m in Sources */ = {isa = PBXBuildFile; fileRef = 3C8BE7751B9023F70064BEC8 /* AcronymTests.m */; };
		3C8BE7811B902B3A0064BEC8 /* Acronym.m in Sources */ = {isa = PBXBuildFile; fileRef = 3C8BE7801B902B3A0064BEC8 /* Acronym.m */; };
		3C8BE7841B91D9960064BEC8 /* AppDelegate.m in Sources */ = {isa = PBXBuildFile; fileRef = 3C8BE7831B91D9960064BEC8 /* AppDelegate.m */; };
		89D4CCF907B986D3649E3634 /* libPods.a in Frameworks */ = {isa = PBXBuildFile; fileRef = E0957475C5DF57221D8E9AE6 /* libPods.a */; };
/* End PBXBuildFile section */

/* Begin PBXContainerItemProxy section */
		3C8BE7701B9023F70064BEC8 /* PBXContainerItemProxy */ = {
			isa = PBXContainerItemProxy;
			containerPortal = 3C8BE74E1B9023F70064BEC8 /* Project object */;
			proxyType = 1;
			remoteGlobalIDString = 3C8BE7551B9023F70064BEC8;
			remoteInfo = Acronym;
		};
/* End PBXContainerItemProxy section */

/* Begin PBXFileReference section */
		3C8BE7561B9023F70064BEC8 /* Acronym.app */ = {isa = PBXFileReference; explicitFileType = wrapper.application; includeInIndex = 0; path = Acronym.app; sourceTree = BUILT_PRODUCTS_DIR; };
		3C8BE75A1B9023F70064BEC8 /* Info.plist */ = {isa = PBXFileReference; lastKnownFileType = text.plist.xml; path = Info.plist; sourceTree = "<group>"; };
		3C8BE75B1B9023F70064BEC8 /* main.m */ = {isa = PBXFileReference; lastKnownFileType = sourcecode.c.objc; path = main.m; sourceTree = "<group>"; };
		3C8BE7601B9023F70064BEC8 /* ViewController.h */ = {isa = PBXFileReference; lastKnownFileType = sourcecode.c.h; path = ViewController.h; sourceTree = "<group>"; };
		3C8BE7611B9023F70064BEC8 /* ViewController.m */ = {isa = PBXFileReference; lastKnownFileType = sourcecode.c.objc; path = ViewController.m; sourceTree = "<group>"; };
		3C8BE7641B9023F70064BEC8 /* Base */ = {isa = PBXFileReference; lastKnownFileType = file.storyboard; name = Base; path = Base.lproj/Main.storyboard; sourceTree = "<group>"; };
		3C8BE7661B9023F70064BEC8 /* Images.xcassets */ = {isa = PBXFileReference; lastKnownFileType = folder.assetcatalog; path = Images.xcassets; sourceTree = "<group>"; };
		3C8BE7691B9023F70064BEC8 /* Base */ = {isa = PBXFileReference; lastKnownFileType = file.xib; name = Base; path = Base.lproj/LaunchScreen.xib; sourceTree = "<group>"; };
		3C8BE76F1B9023F70064BEC8 /* AcronymTests.xctest */ = {isa = PBXFileReference; explicitFileType = wrapper.cfbundle; includeInIndex = 0; path = AcronymTests.xctest; sourceTree = BUILT_PRODUCTS_DIR; };
		3C8BE7741B9023F70064BEC8 /* Info.plist */ = {isa = PBXFileReference; lastKnownFileType = text.plist.xml; path = Info.plist; sourceTree = "<group>"; };
		3C8BE7751B9023F70064BEC8 /* AcronymTests.m */ = {isa = PBXFileReference; lastKnownFileType = sourcecode.c.objc; path = AcronymTests.m; sourceTree = "<group>"; };
		3C8BE77F1B902B3A0064BEC8 /* Acronym.h */ = {isa = PBXFileReference; fileEncoding = 4; lastKnownFileType = sourcecode.c.h; path = Acronym.h; sourceTree = "<group>"; };
		3C8BE7801B902B3A0064BEC8 /* Acronym.m */ = {isa = PBXFileReference; fileEncoding = 4; lastKnownFileType = sourcecode.c.objc; path = Acronym.m; sourceTree = "<group>"; };
		3C8BE7821B91D9960064BEC8 /* AppDelegate.h */ = {isa = PBXFileReference; fileEncoding = 4; lastKnownFileType = sourcecode.c.h; path = AppDelegate.h; sourceTree = "<group>"; };
		3C8BE7831B91D9960064BEC8 /* AppDelegate.m */ = {isa = PBXFileReference; fileEncoding = 4; lastKnownFileType = sourcecode.c.objc; path = AppDelegate.m; sourceTree = "<group>"; };
		66EE8FB3C15E330EBE76F0AB /* Pods.debug.xcconfig */ = {isa = PBXFileReference; includeInIndex = 1; lastKnownFileType = text.xcconfig; name = Pods.debug.xcconfig; path = "Pods/Target Support Files/Pods/Pods.debug.xcconfig"; sourceTree = "<group>"; };
		E0957475C5DF57221D8E9AE6 /* libPods.a */ = {isa = PBXFileReference; explicitFileType = archive.ar; includeInIndex = 0; path = libPods.a; sourceTree = BUILT_PRODUCTS_DIR; };
		EFE8779AF67A6967407A02FC /* Pods.release.xcconfig */ = {isa = PBXFileReference; includeInIndex = 1; lastKnownFileType = text.xcconfig; name = Pods.release.xcconfig; path = "Pods/Target Support Files/Pods/Pods.release.xcconfig"; sourceTree = "<group>"; };
/* End PBXFileReference section */

/* Begin PBXFrameworksBuildPhase section */
		3C8BE7531B9023F70064BEC8 /* Frameworks */ = {
			isa = PBXFrameworksBuildPhase;
			buildActionMask = 2147483647;
			files = (
				89D4CCF907B986D3649E3634 /* libPods.a in Frameworks */,
			);
			runOnlyForDeploymentPostprocessing = 0;
		};
		3C8BE76C1B9023F70064BEC8 /* Frameworks */ = {
			isa = PBXFrameworksBuildPhase;
			buildActionMask = 2147483647;
			files = (
			);
			runOnlyForDeploymentPostprocessing = 0;
		};
/* End PBXFrameworksBuildPhase section */

/* Begin PBXGroup section */
		3C8BE74D1B9023F70064BEC8 = {
			isa = PBXGroup;
			children = (
				3C8BE7581B9023F70064BEC8 /* Acronym */,
				3C8BE7721B9023F70064BEC8 /* AcronymTests */,
				3C8BE7571B9023F70064BEC8 /* Products */,
				5E799B7249EBAAD28F5EB178 /* Pods */,
				890F47DDA41DE96BAFC98D34 /* Frameworks */,
			);
			sourceTree = "<group>";
		};
		3C8BE7571B9023F70064BEC8 /* Products */ = {
			isa = PBXGroup;
			children = (
				3C8BE7561B9023F70064BEC8 /* Acronym.app */,
				3C8BE76F1B9023F70064BEC8 /* AcronymTests.xctest */,
			);
			name = Products;
			sourceTree = "<group>";
		};
		3C8BE7581B9023F70064BEC8 /* Acronym */ = {
			isa = PBXGroup;
			children = (
				3C8BE7821B91D9960064BEC8 /* AppDelegate.h */,
				3C8BE7831B91D9960064BEC8 /* AppDelegate.m */,
				3C8BE7601B9023F70064BEC8 /* ViewController.h */,
				3C8BE7611B9023F70064BEC8 /* ViewController.m */,
				3C8BE7631B9023F70064BEC8 /* Main.storyboard */,
				3C8BE7661B9023F70064BEC8 /* Images.xcassets */,
				3C8BE7681B9023F70064BEC8 /* LaunchScreen.xib */,
				3C8BE7591B9023F70064BEC8 /* Supporting Files */,
				3C8BE77F1B902B3A0064BEC8 /* Acronym.h */,
				3C8BE7801B902B3A0064BEC8 /* Acronym.m */,
			);
			path = Acronym;
			sourceTree = "<group>";
		};
		3C8BE7591B9023F70064BEC8 /* Supporting Files */ = {
			isa = PBXGroup;
			children = (
				3C8BE75A1B9023F70064BEC8 /* Info.plist */,
				3C8BE75B1B9023F70064BEC8 /* main.m */,
			);
			name = "Supporting Files";
			sourceTree = "<group>";
		};
		3C8BE7721B9023F70064BEC8 /* AcronymTests */ = {
			isa = PBXGroup;
			children = (
				3C8BE7751B9023F70064BEC8 /* AcronymTests.m */,
				3C8BE7731B9023F70064BEC8 /* Supporting Files */,
			);
			path = AcronymTests;
			sourceTree = "<group>";
		};
		3C8BE7731B9023F70064BEC8 /* Supporting Files */ = {
			isa = PBXGroup;
			children = (
				3C8BE7741B9023F70064BEC8 /* Info.plist */,
			);
			name = "Supporting Files";
			sourceTree = "<group>";
		};
		5E799B7249EBAAD28F5EB178 /* Pods */ = {
			isa = PBXGroup;
			children = (
				66EE8FB3C15E330EBE76F0AB /* Pods.debug.xcconfig */,
				EFE8779AF67A6967407A02FC /* Pods.release.xcconfig */,
			);
			name = Pods;
			sourceTree = "<group>";
		};
		890F47DDA41DE96BAFC98D34 /* Frameworks */ = {
			isa = PBXGroup;
			children = (
				E0957475C5DF57221D8E9AE6 /* libPods.a */,
			);
			name = Frameworks;
			sourceTree = "<group>";
		};
/* End PBXGroup section */

/* Begin PBXNativeTarget section */
		3C8BE7551B9023F70064BEC8 /* Acronym */ = {
			isa = PBXNativeTarget;
			buildConfigurationList = 3C8BE7791B9023F70064BEC8 /* Build configuration list for PBXNativeTarget "Acronym" */;
			buildPhases = (
				2CCA86536C0DEE57FBB0799B /* Check Pods Manifest.lock */,
				3C8BE7521B9023F70064BEC8 /* Sources */,
				3C8BE7531B9023F70064BEC8 /* Frameworks */,
				3C8BE7541B9023F70064BEC8 /* Resources */,
				9E5A8569DD1D7AC5D85E221C /* Copy Pods Resources */,
			);
			buildRules = (
			);
			dependencies = (
			);
			name = Acronym;
			productName = Acronym;
			productReference = 3C8BE7561B9023F70064BEC8 /* Acronym.app */;
			productType = "com.apple.product-type.application";
		};
		3C8BE76E1B9023F70064BEC8 /* AcronymTests */ = {
			isa = PBXNativeTarget;
			buildConfigurationList = 3C8BE77C1B9023F70064BEC8 /* Build configuration list for PBXNativeTarget "AcronymTests" */;
			buildPhases = (
				3C8BE76B1B9023F70064BEC8 /* Sources */,
				3C8BE76C1B9023F70064BEC8 /* Frameworks */,
				3C8BE76D1B9023F70064BEC8 /* Resources */,
			);
			buildRules = (
			);
			dependencies = (
				3C8BE7711B9023F70064BEC8 /* PBXTargetDependency */,
			);
			name = AcronymTests;
			productName = AcronymTests;
			productReference = 3C8BE76F1B9023F70064BEC8 /* AcronymTests.xctest */;
			productType = "com.apple.product-type.bundle.unit-test";
		};
/* End PBXNativeTarget section */

/* Begin PBXProject section */
		3C8BE74E1B9023F70064BEC8 /* Project object */ = {
			isa = PBXProject;
			attributes = {
				LastUpgradeCheck = 0640;
				ORGANIZATIONNAME = Rachit;
				TargetAttributes = {
					3C8BE7551B9023F70064BEC8 = {
						CreatedOnToolsVersion = 6.4;
					};
					3C8BE76E1B9023F70064BEC8 = {
						CreatedOnToolsVersion = 6.4;
						TestTargetID = 3C8BE7551B9023F70064BEC8;
					};
				};
			};
			buildConfigurationList = 3C8BE7511B9023F70064BEC8 /* Build configuration list for PBXProject "Acronym" */;
			compatibilityVersion = "Xcode 3.2";
			developmentRegion = English;
			hasScannedForEncodings = 0;
			knownRegions = (
				en,
				Base,
			);
			mainGroup = 3C8BE74D1B9023F70064BEC8;
			productRefGroup = 3C8BE7571B9023F70064BEC8 /* Products */;
			projectDirPath = "";
			projectRoot = "";
			targets = (
				3C8BE7551B9023F70064BEC8 /* Acronym */,
				3C8BE76E1B9023F70064BEC8 /* AcronymTests */,
			);
		};
/* End PBXProject section */

/* Begin PBXResourcesBuildPhase section */
		3C8BE7541B9023F70064BEC8 /* Resources */ = {
			isa = PBXResourcesBuildPhase;
			buildActionMask = 2147483647;
			files = (
				3C8BE7651B9023F70064BEC8 /* Main.storyboard in Resources */,
				3C8BE76A1B9023F70064BEC8 /* LaunchScreen.xib in Resources */,
				3C8BE7671B9023F70064BEC8 /* Images.xcassets in Resources */,
			);
			runOnlyForDeploymentPostprocessing = 0;
		};
		3C8BE76D1B9023F70064BEC8 /* Resources */ = {
			isa = PBXResourcesBuildPhase;
			buildActionMask = 2147483647;
			files = (
			);
			runOnlyForDeploymentPostprocessing = 0;
		};
/* End PBXResourcesBuildPhase section */

/* Begin PBXShellScriptBuildPhase section */
		2CCA86536C0DEE57FBB0799B /* Check Pods Manifest.lock */ = {
			isa = PBXShellScriptBuildPhase;
			buildActionMask = 2147483647;
			files = (
			);
			inputPaths = (
			);
			name = "Check Pods Manifest.lock";
			outputPaths = (
			);
			runOnlyForDeploymentPostprocessing = 0;
			shellPath = /bin/sh;
			shellScript = "diff \"${PODS_ROOT}/../Podfile.lock\" \"${PODS_ROOT}/Manifest.lock\" > /dev/null\nif [[ $? != 0 ]] ; then\n    cat << EOM\nerror: The sandbox is not in sync with the Podfile.lock. Run 'pod install' or update your CocoaPods installation.\nEOM\n    exit 1\nfi\n";
			showEnvVarsInLog = 0;
		};
		9E5A8569DD1D7AC5D85E221C /* Copy Pods Resources */ = {
			isa = PBXShellScriptBuildPhase;
			buildActionMask = 2147483647;
			files = (
			);
			inputPaths = (
			);
			name = "Copy Pods Resources";
			outputPaths = (
			);
			runOnlyForDeploymentPostprocessing = 0;
			shellPath = /bin/sh;
			shellScript = "\"${SRCROOT}/Pods/Target Support Files/Pods/Pods-resources.sh\"\n";
			showEnvVarsInLog = 0;
		};
/* End PBXShellScriptBuildPhase section */

/* Begin PBXSourcesBuildPhase section */
		3C8BE7521B9023F70064BEC8 /* Sources */ = {
			isa = PBXSourcesBuildPhase;
			buildActionMask = 2147483647;
			files = (
				3C8BE7841B91D9960064BEC8 /* AppDelegate.m in Sources */,
				3C8BE7621B9023F70064BEC8 /* ViewController.m in Sources */,
				3C8BE7811B902B3A0064BEC8 /* Acronym.m in Sources */,
				3C8BE75C1B9023F70064BEC8 /* main.m in Sources */,
			);
			runOnlyForDeploymentPostprocessing = 0;
		};
		3C8BE76B1B9023F70064BEC8 /* Sources */ = {
			isa = PBXSourcesBuildPhase;
			buildActionMask = 2147483647;
			files = (
				3C8BE7761B9023F70064BEC8 /* AcronymTests.m in Sources */,
			);
			runOnlyForDeploymentPostprocessing = 0;
		};
/* End PBXSourcesBuildPhase section */

/* Begin PBXTargetDependency section */
		3C8BE7711B9023F70064BEC8 /* PBXTargetDependency */ = {
			isa = PBXTargetDependency;
			target = 3C8BE7551B9023F70064BEC8 /* Acronym */;
			targetProxy = 3C8BE7701B9023F70064BEC8 /* PBXContainerItemProxy */;
		};
/* End PBXTargetDependency section */

/* Begin PBXVariantGroup section */
		3C8BE7631B9023F70064BEC8 /* Main.storyboard */ = {
			isa = PBXVariantGroup;
			children = (
				3C8BE7641B9023F70064BEC8 /* Base */,
			);
			name = Main.storyboard;
			sourceTree = "<group>";
		};
		3C8BE7681B9023F70064BEC8 /* LaunchScreen.xib */ = {
			isa = PBXVariantGroup;
			children = (
				3C8BE7691B9023F70064BEC8 /* Base */,
			);
			name = LaunchScreen.xib;
			sourceTree = "<group>";
		};
/* End PBXVariantGroup section */

/* Begin XCBuildConfiguration section */
		3C8BE7771B9023F70064BEC8 /* Debug */ = {
			isa = XCBuildConfiguration;
			buildSettings = {
				ALWAYS_SEARCH_USER_PATHS = NO;
				CLANG_CXX_LANGUAGE_STANDARD = "gnu++0x";
				CLANG_CXX_LIBRARY = "libc++";
				CLANG_ENABLE_MODULES = YES;
				CLANG_ENABLE_OBJC_ARC = YES;
				CLANG_WARN_BOOL_CONVERSION = YES;
				CLANG_WARN_CONSTANT_CONVERSION = YES;
				CLANG_WARN_DIRECT_OBJC_ISA_USAGE = YES_ERROR;
				CLANG_WARN_EMPTY_BODY = YES;
				CLANG_WARN_ENUM_CONVERSION = YES;
				CLANG_WARN_INT_CONVERSION = YES;
				CLANG_WARN_OBJC_ROOT_CLASS = YES_ERROR;
				CLANG_WARN_UNREACHABLE_CODE = YES;
				CLANG_WARN__DUPLICATE_METHOD_MATCH = YES;
				"CODE_SIGN_IDENTITY[sdk=iphoneos*]" = "iPhone Developer";
				COPY_PHASE_STRIP = NO;
				DEBUG_INFORMATION_FORMAT = "dwarf-with-dsym";
				ENABLE_STRICT_OBJC_MSGSEND = YES;
				GCC_C_LANGUAGE_STANDARD = gnu99;
				GCC_DYNAMIC_NO_PIC = NO;
				GCC_NO_COMMON_BLOCKS = YES;
				GCC_OPTIMIZATION_LEVEL = 0;
				GCC_PREPROCESSOR_DEFINITIONS = (
					"DEBUG=1",
					"$(inherited)",
				);
				GCC_SYMBOLS_PRIVATE_EXTERN = NO;
				GCC_WARN_64_TO_32_BIT_CONVERSION = YES;
				GCC_WARN_ABOUT_RETURN_TYPE = YES_ERROR;
				GCC_WARN_UNDECLARED_SELECTOR = YES;
				GCC_WARN_UNINITIALIZED_AUTOS = YES_AGGRESSIVE;
				GCC_WARN_UNUSED_FUNCTION = YES;
				GCC_WARN_UNUSED_VARIABLE = YES;
				IPHONEOS_DEPLOYMENT_TARGET = 8.4;
				MTL_ENABLE_DEBUG_INFO = YES;
				ONLY_ACTIVE_ARCH = YES;
				SDKROOT = iphoneos;
			};
			name = Debug;
		};
		3C8BE7781B9023F70064BEC8 /* Release */ = {
			isa = XCBuildConfiguration;
			buildSettings = {
				ALWAYS_SEARCH_USER_PATHS = NO;
				CLANG_CXX_LANGUAGE_STANDARD = "gnu++0x";
				CLANG_CXX_LIBRARY = "libc++";
				CLANG_ENABLE_MODULES = YES;
				CLANG_ENABLE_OBJC_ARC = YES;
				CLANG_WARN_BOOL_CONVERSION = YES;
				CLANG_WARN_CONSTANT_CONVERSION = YES;
				CLANG_WARN_DIRECT_OBJC_ISA_USAGE = YES_ERROR;
				CLANG_WARN_EMPTY_BODY = YES;
				CLANG_WARN_ENUM_CONVERSION = YES;
				CLANG_WARN_INT_CONVERSION = YES;
				CLANG_WARN_OBJC_ROOT_CLASS = YES_ERROR;
				CLANG_WARN_UNREACHABLE_CODE = YES;
				CLANG_WARN__DUPLICATE_METHOD_MATCH = YES;
				"CODE_SIGN_IDENTITY[sdk=iphoneos*]" = "iPhone Developer";
				COPY_PHASE_STRIP = NO;
				DEBUG_INFORMATION_FORMAT = "dwarf-with-dsym";
				ENABLE_NS_ASSERTIONS = NO;
				ENABLE_STRICT_OBJC_MSGSEND = YES;
				GCC_C_LANGUAGE_STANDARD = gnu99;
				GCC_NO_COMMON_BLOCKS = YES;
				GCC_WARN_64_TO_32_BIT_CONVERSION = YES;
				GCC_WARN_ABOUT_RETURN_TYPE = YES_ERROR;
				GCC_WARN_UNDECLARED_SELECTOR = YES;
				GCC_WARN_UNINITIALIZED_AUTOS = YES_AGGRESSIVE;
				GCC_WARN_UNUSED_FUNCTION = YES;
				GCC_WARN_UNUSED_VARIABLE = YES;
				IPHONEOS_DEPLOYMENT_TARGET = 8.4;
				MTL_ENABLE_DEBUG_INFO = NO;
				SDKROOT = iphoneos;
				VALIDATE_PRODUCT = YES;
			};
			name = Release;
		};
		3C8BE77A1B9023F70064BEC8 /* Debug */ = {
			isa = XCBuildConfiguration;
			baseConfigurationReference = 66EE8FB3C15E330EBE76F0AB /* Pods.debug.xcconfig */;
			buildSettings = {
				ASSETCATALOG_COMPILER_APPICON_NAME = AppIcon;
				INFOPLIST_FILE = Acronym/Info.plist;
				LD_RUNPATH_SEARCH_PATHS = "$(inherited) @executable_path/Frameworks";
				PRODUCT_NAME = "$(TARGET_NAME)";
			};
			name = Debug;
		};
		3C8BE77B1B9023F70064BEC8 /* Release */ = {
			isa = XCBuildConfiguration;
			baseConfigurationReference = EFE8779AF67A6967407A02FC /* Pods.release.xcconfig */;
			buildSettings = {
				ASSETCATALOG_COMPILER_APPICON_NAME = AppIcon;
				INFOPLIST_FILE = Acronym/Info.plist;
				LD_RUNPATH_SEARCH_PATHS = "$(inherited) @executable_path/Frameworks";
				PRODUCT_NAME = "$(TARGET_NAME)";
			};
			name = Release;
		};
		3C8BE77D1B9023F70064BEC8 /* Debug */ = {
			isa = XCBuildConfiguration;
			buildSettings = {
				BUNDLE_LOADER = "$(TEST_HOST)";
				FRAMEWORK_SEARCH_PATHS = (
					"$(SDKROOT)/Developer/Library/Frameworks",
					"$(inherited)",
				);
				GCC_PREPROCESSOR_DEFINITIONS = (
					"DEBUG=1",
					"$(inherited)",
				);
				INFOPLIST_FILE = AcronymTests/Info.plist;
				LD_RUNPATH_SEARCH_PATHS = "$(inherited) @executable_path/Frameworks @loader_path/Frameworks";
				PRODUCT_NAME = "$(TARGET_NAME)";
				TEST_HOST = "$(BUILT_PRODUCTS_DIR)/Acronym.app/Acronym";
			};
			name = Debug;
		};
		3C8BE77E1B9023F70064BEC8 /* Release */ = {
			isa = XCBuildConfiguration;
			buildSettings = {
				BUNDLE_LOADER = "$(TEST_HOST)";
				FRAMEWORK_SEARCH_PATHS = (
					"$(SDKROOT)/Developer/Library/Frameworks",
					"$(inherited)",
				);
				INFOPLIST_FILE = AcronymTests/Info.plist;
				LD_RUNPATH_SEARCH_PATHS = "$(inherited) @executable_path/Frameworks @loader_path/Frameworks";
				PRODUCT_NAME = "$(TARGET_NAME)";
				TEST_HOST = "$(BUILT_PRODUCTS_DIR)/Acronym.app/Acronym";
			};
			name = Release;
		};
/* End XCBuildConfiguration section */

/* Begin XCConfigurationList section */
		3C8BE7511B9023F70064BEC8 /* Build configuration list for PBXProject "Acronym" */ = {
			isa = XCConfigurationList;
			buildConfigurations = (
				3C8BE7771B9023F70064BEC8 /* Debug */,
				3C8BE7781B9023F70064BEC8 /* Release */,
			);
			defaultConfigurationIsVisible = 0;
			defaultConfigurationName = Release;
		};
		3C8BE7791B9023F70064BEC8 /* Build configuration list for PBXNativeTarget "Acronym" */ = {
			isa = XCConfigurationList;
			buildConfigurations = (
				3C8BE77A1B9023F70064BEC8 /* Debug */,
				3C8BE77B1B9023F70064BEC8 /* Release */,
			);
			defaultConfigurationIsVisible = 0;
			defaultConfigurationName = Release;
		};
		3C8BE77C1B9023F70064BEC8 /* Build configuration list for PBXNativeTarget "AcronymTests" */ = {
			isa = XCConfigurationList;
			buildConfigurations = (
				3C8BE77D1B9023F70064BEC8 /* Debug */,
				3C8BE77E1B9023F70064BEC8 /* Release */,
			);
			defaultConfigurationIsVisible = 0;
			defaultConfigurationName = Release;
		};
/* End XCConfigurationList section */
	};
	rootObject = 3C8BE74E1B9023F70064BEC8 /* Project object */;
}
